
Microsoft Visual Studio Solution File, Format Version 12.00
# Visual Studio Version 17
VisualStudioVersion = 17.8.34309.116
MinimumVisualStudioVersion = 10.0.40219.1
Project("{FAE04EC0-301F-11D3-BF4B-00C04F79EFBC}") = "BlazorApp36", "BlazorApp36\BlazorApp36.csproj", "{58A8F6E8-5BC7-4B6E-AFC3-0AF46B28A88A}"
EndProject
Global
	GlobalSection(SolutionConfigurationPlatforms) = preSolution
		Debug|Any CPU = Debug|Any CPU
		Release|Any CPU = Release|Any CPU
	EndGlobalSection
	GlobalSection(ProjectConfigurationPlatforms) = postSolution
		{58A8F6E8-5BC7-4B6E-AFC3-0AF46B28A88A}.Debug|Any CPU.ActiveCfg = Debug|Any CPU
		{58A8F6E8-5BC7-4B6E-AFC3-0AF46B28A88A}.Debug|Any CPU.Build.0 = Debug|Any CPU
		{58A8F6E8-5BC7-4B6E-AFC3-0AF46B28A88A}.Release|Any CPU.ActiveCfg = Release|Any CPU
		{58A8F6E8-5BC7-4B6E-AFC3-0AF46B28A88A}.Release|Any CPU.Build.0 = Release|Any CPU
	EndGlobalSection
	GlobalSection(SolutionProperties) = preSolution
		HideSolutionNode = FALSE
	EndGlobalSection
	GlobalSection(ExtensibilityGlobals) = postSolution
		SolutionGuid = {E878BD66-7547-40A2-A2D4-52002F282405}
	EndGlobalSection
EndGlobal
